
Microsoft Visual Studio Solution File, Format Version 12.00
# Visual Studio Version 17
VisualStudioVersion = 17.8.34525.116
MinimumVisualStudioVersion = 10.0.40219.1
Project("{FAE04EC0-301F-11D3-BF4B-00C04F79EFBC}") = "Akia_MatchingGame", "Akia_MatchingGame\Akia_MatchingGame.csproj", "{709C3B5D-B1D5-4108-8E6C-E902A5A706DE}"
EndProject
Global
	GlobalSection(SolutionConfigurationPlatforms) = preSolution
		Debug|Any CPU = Debug|Any CPU
		Release|Any CPU = Release|Any CPU
	EndGlobalSection
	GlobalSection(ProjectConfigurationPlatforms) = postSolution
		{709C3B5D-B1D5-4108-8E6C-E902A5A706DE}.Debug|Any CPU.ActiveCfg = Debug|Any CPU
		{709C3B5D-B1D5-4108-8E6C-E902A5A706DE}.Debug|Any CPU.Build.0 = Debug|Any CPU
		{709C3B5D-B1D5-4108-8E6C-E902A5A706DE}.Release|Any CPU.ActiveCfg = Release|Any CPU
		{709C3B5D-B1D5-4108-8E6C-E902A5A706DE}.Release|Any CPU.Build.0 = Release|Any CPU
	EndGlobalSection
	GlobalSection(SolutionProperties) = preSolution
		HideSolutionNode = FALSE
	EndGlobalSection
	GlobalSection(ExtensibilityGlobals) = postSolution
		SolutionGuid = {CB28EF05-F643-4237-923E-F49F73577752}
	EndGlobalSection
EndGlobal
